{
  "pins" : [
    {
      "identity" : "unitykit",
      "kind" : "remoteSourceControl",
      "location" : "https://github.com/salt-pepper-code/UnityKit.git",
      "state" : {
        "branch" : "master",
        "revision" : "89df21948b87aa75421faa0a265ae8d2fdd4f137"
      }
    }
  ],
  "version" : 2
}
