{
  "object": {
    "pins": [
      {
        "package": "UnityKit",
        "repositoryURL": "https://github.com/salt-pepper-code/UnityKit.git",
        "state": {
          "branch": "master",
          "revision": "856a5189b94eeb68c1aa4132a73a5b5fc6c1e9d3",
          "version": null
        }
      }
    ]
  },
  "version": 1
}
