{
  "object": {
    "pins": [
      {
        "package": "UnityKit",
        "repositoryURL": "https://github.com/salt-pepper-code/UnityKit.git",
        "state": {
          "branch": null,
          "revision": "8f6136fe9a838df01158cd70936a5c79cf3c6f04",
          "version": "1.0.6"
        }
      }
    ]
  },
  "version": 1
}
